
Microsoft Visual Studio Solution File, Format Version 12.00
# Visual Studio Version 17
VisualStudioVersion = 17.2.32526.322
MinimumVisualStudioVersion = 10.0.40219.1
Project("{FAE04EC0-301F-11D3-BF4B-00C04F79EFBC}") = "DoctorBooking", "DoctorBooking\DoctorBooking.csproj", "{1EEE0745-8C46-4B47-B665-7DAC426803FE}"
EndProject
Project("{FAE04EC0-301F-11D3-BF4B-00C04F79EFBC}") = "GoogleApi", "GoogleApi\GoogleApi.csproj", "{D6A4C993-B508-456D-B722-B13F43479F0F}"
EndProject
Global
	GlobalSection(SolutionConfigurationPlatforms) = preSolution
		Debug|Any CPU = Debug|Any CPU
		Release|Any CPU = Release|Any CPU
	EndGlobalSection
	GlobalSection(ProjectConfigurationPlatforms) = postSolution
		{1EEE0745-8C46-4B47-B665-7DAC426803FE}.Debug|Any CPU.ActiveCfg = Debug|Any CPU
		{1EEE0745-8C46-4B47-B665-7DAC426803FE}.Debug|Any CPU.Build.0 = Debug|Any CPU
		{1EEE0745-8C46-4B47-B665-7DAC426803FE}.Release|Any CPU.ActiveCfg = Release|Any CPU
		{1EEE0745-8C46-4B47-B665-7DAC426803FE}.Release|Any CPU.Build.0 = Release|Any CPU
		{D6A4C993-B508-456D-B722-B13F43479F0F}.Debug|Any CPU.ActiveCfg = Debug|Any CPU
		{D6A4C993-B508-456D-B722-B13F43479F0F}.Debug|Any CPU.Build.0 = Debug|Any CPU
		{D6A4C993-B508-456D-B722-B13F43479F0F}.Release|Any CPU.ActiveCfg = Release|Any CPU
		{D6A4C993-B508-456D-B722-B13F43479F0F}.Release|Any CPU.Build.0 = Release|Any CPU
	EndGlobalSection
	GlobalSection(SolutionProperties) = preSolution
		HideSolutionNode = FALSE
	EndGlobalSection
	GlobalSection(ExtensibilityGlobals) = postSolution
		SolutionGuid = {50B8797D-023D-4812-9597-8148CF25FA7F}
	EndGlobalSection
EndGlobal
